{
  "name": "stat-box",
  "requires": true,
  "lockfileVersion": 1,
  "dependencies": {
    "karma-jquery": {
      "version": "0.2.3",
      "resolved": "https://registry.npmjs.org/karma-jquery/-/karma-jquery-0.2.3.tgz",
      "integrity": "sha1-5nEHk00LQEfCBrqlIOQ8eNfoQR8=",
      "dev": true
    }
  }
}
